// !$*UTF8*$!
{
	archiveVersion = 1;
	classes = {
	};
	objectVersion = 50;
	objects = {

/* Begin PBXBuildFile section */
		F93D01B9247C29B600FDE2FF /* AppDelegate.swift in Sources */ = {isa = PBXBuildFile; fileRef = F93D01B8247C29B600FDE2FF /* AppDelegate.swift */; };
		F93D01BB247C29B600FDE2FF /* SceneDelegate.swift in Sources */ = {isa = PBXBuildFile; fileRef = F93D01BA247C29B600FDE2FF /* SceneDelegate.swift */; };
		F93D01BD247C29B600FDE2FF /* ViewController.swift in Sources */ = {isa = PBXBuildFile; fileRef = F93D01BC247C29B600FDE2FF /* ViewController.swift */; };
		F93D01C0247C29B600FDE2FF /* Main.storyboard in Resources */ = {isa = PBXBuildFile; fileRef = F93D01BE247C29B600FDE2FF /* Main.storyboard */; };
		F93D01C2247C29B800FDE2FF /* Assets.xcassets in Resources */ = {isa = PBXBuildFile; fileRef = F93D01C1247C29B800FDE2FF /* Assets.xcassets */; };
		F93D01C5247C29B800FDE2FF /* LaunchScreen.storyboard in Resources */ = {isa = PBXBuildFile; fileRef = F93D01C3247C29B800FDE2FF /* LaunchScreen.storyboard */; };
/* End PBXBuildFile section */

/* Begin PBXFileReference section */
		F93D01B5247C29B600FDE2FF /* Right on target.app */ = {isa = PBXFileReference; explicitFileType = wrapper.application; includeInIndex = 0; path = "Right on target.app"; sourceTree = BUILT_PRODUCTS_DIR; };
		F93D01B8247C29B600FDE2FF /* AppDelegate.swift */ = {isa = PBXFileReference; lastKnownFileType = sourcecode.swift; path = AppDelegate.swift; sourceTree = "<group>"; };
		F93D01BA247C29B600FDE2FF /* SceneDelegate.swift */ = {isa = PBXFileReference; lastKnownFileType = sourcecode.swift; path = SceneDelegate.swift; sourceTree = "<group>"; };
		F93D01BC247C29B600FDE2FF /* ViewController.swift */ = {isa = PBXFileReference; lastKnownFileType = sourcecode.swift; path = ViewController.swift; sourceTree = "<group>"; };
		F93D01BF247C29B600FDE2FF /* Base */ = {isa = PBXFileReference; lastKnownFileType = file.storyboard; name = Base; path = Base.lproj/Main.storyboard; sourceTree = "<group>"; };
		F93D01C1247C29B800FDE2FF /* Assets.xcassets */ = {isa = PBXFileReference; lastKnownFileType = folder.assetcatalog; path = Assets.xcassets; sourceTree = "<group>"; };
		F93D01C4247C29B800FDE2FF /* Base */ = {isa = PBXFileReference; lastKnownFileType = file.storyboard; name = Base; path = Base.lproj/LaunchScreen.storyboard; sourceTree = "<group>"; };
		F93D01C6247C29B800FDE2FF /* Info.plist */ = {isa = PBXFileReference; lastKnownFileType = text.plist.xml; path = Info.plist; sourceTree = "<group>"; };
/* End PBXFileReference section */

/* Begin PBXFrameworksBuildPhase section */
		F93D01B2247C29B600FDE2FF /* Frameworks */ = {
			isa = PBXFrameworksBuildPhase;
			buildActionMask = 2147483647;
			files = (
			);
			runOnlyForDeploymentPostprocessing = 0;
		};
/* End PBXFrameworksBuildPhase section */

/* Begin PBXGroup section */
		F93D01AC247C29B600FDE2FF = {
			isa = PBXGroup;
			children = (
				F93D01B7247C29B600FDE2FF /* Right on target */,
				F93D01B6247C29B600FDE2FF /* Products */,
			);
			sourceTree = "<group>";
		};
		F93D01B6247C29B600FDE2FF /* Products */ = {
			isa = PBXGroup;
			children = (
				F93D01B5247C29B600FDE2FF /* Right on target.app */,
			);
			name = Products;
			sourceTree = "<group>";
		};
		F93D01B7247C29B600FDE2FF /* Right on target */ = {
			isa = PBXGroup;
			children = (
				F93D01B8247C29B600FDE2FF /* AppDelegate.swift */,
				F93D01BA247C29B600FDE2FF /* SceneDelegate.swift */,
				F93D01BC247C29B600FDE2FF /* ViewController.swift */,
				F93D01BE247C29B600FDE2FF /* Main.storyboard */,
				F93D01C1247C29B800FDE2FF /* Assets.xcassets */,
				F93D01C3247C29B800FDE2FF /* LaunchScreen.storyboard */,
				F93D01C6247C29B800FDE2FF /* Info.plist */,
			);
			path = "Right on target";
			sourceTree = "<group>";
		};
/* End PBXGroup section */

/* Begin PBXNativeTarget section */
		F93D01B4247C29B600FDE2FF /* Right on target */ = {
			isa = PBXNativeTarget;
			buildConfigurationList = F93D01C9247C29B800FDE2FF /* Build configuration list for PBXNativeTarget "Right on target" */;
			buildPhases = (
				F93D01B1247C29B600FDE2FF /* Sources */,
				F93D01B2247C29B600FDE2FF /* Frameworks */,
				F93D01B3247C29B600FDE2FF /* Resources */,
			);
			buildRules = (
			);
			dependencies = (
			);
			name = "Right on target";
			productName = "Right on target";
			productReference = F93D01B5247C29B600FDE2FF /* Right on target.app */;
			productType = "com.apple.product-type.application";
		};
/* End PBXNativeTarget section */

/* Begin PBXProject section */
		F93D01AD247C29B600FDE2FF /* Project object */ = {
			isa = PBXProject;
			attributes = {
				LastSwiftUpdateCheck = 1140;
				LastUpgradeCheck = 1140;
				ORGANIZATIONNAME = "Vasiliy Usov";
				TargetAttributes = {
					F93D01B4247C29B600FDE2FF = {
						CreatedOnToolsVersion = 11.4;
					};
				};
			};
			buildConfigurationList = F93D01B0247C29B600FDE2FF /* Build configuration list for PBXProject "Right on target" */;
			compatibilityVersion = "Xcode 9.3";
			developmentRegion = en;
			hasScannedForEncodings = 0;
			knownRegions = (
				en,
				Base,
			);
			mainGroup = F93D01AC247C29B600FDE2FF;
			productRefGroup = F93D01B6247C29B600FDE2FF /* Products */;
			projectDirPath = "";
			projectRoot = "";
			targets = (
				F93D01B4247C29B600FDE2FF /* Right on target */,
			);
		};
/* End PBXProject section */

/* Begin PBXResourcesBuildPhase section */
		F93D01B3247C29B600FDE2FF /* Resources */ = {
			isa = PBXResourcesBuildPhase;
			buildActionMask = 2147483647;
			files = (
				F93D01C5247C29B800FDE2FF /* LaunchScreen.storyboard in Resources */,
				F93D01C2247C29B800FDE2FF /* Assets.xcassets in Resources */,
				F93D01C0247C29B600FDE2FF /* Main.storyboard in Resources */,
			);
			runOnlyForDeploymentPostprocessing = 0;
		};
/* End PBXResourcesBuildPhase section */

/* Begin PBXSourcesBuildPhase section */
		F93D01B1247C29B600FDE2FF /* Sources */ = {
			isa = PBXSourcesBuildPhase;
			buildActionMask = 2147483647;
			files = (
				F93D01BD247C29B600FDE2FF /* ViewController.swift in Sources */,
				F93D01B9247C29B600FDE2FF /* AppDelegate.swift in Sources */,
				F93D01BB247C29B600FDE2FF /* SceneDelegate.swift in Sources */,
			);
			runOnlyForDeploymentPostprocessing = 0;
		};
/* End PBXSourcesBuildPhase section */

/* Begin PBXVariantGroup section */
		F93D01BE247C29B600FDE2FF /* Main.storyboard */ = {
			isa = PBXVariantGroup;
			children = (
				F93D01BF247C29B600FDE2FF /* Base */,
			);
			name = Main.storyboard;
			sourceTree = "<group>";
		};
		F93D01C3247C29B800FDE2FF /* LaunchScreen.storyboard */ = {
			isa = PBXVariantGroup;
			children = (
				F93D01C4247C29B800FDE2FF /* Base */,
			);
			name = LaunchScreen.storyboard;
			sourceTree = "<group>";
		};
/* End PBXVariantGroup section */

/* Begin XCBuildConfiguration section */
		F93D01C7247C29B800FDE2FF /* Debug */ = {
			isa = XCBuildConfiguration;
			buildSettings = {
				ALWAYS_SEARCH_USER_PATHS = NO;
				CLANG_ANALYZER_NONNULL = YES;
				CLANG_ANALYZER_NUMBER_OBJECT_CONVERSION = YES_AGGRESSIVE;
				CLANG_CXX_LANGUAGE_STANDARD = "gnu++14";
				CLANG_CXX_LIBRARY = "libc++";
				CLANG_ENABLE_MODULES = YES;
				CLANG_ENABLE_OBJC_ARC = YES;
				CLANG_ENABLE_OBJC_WEAK = YES;
				CLANG_WARN_BLOCK_CAPTURE_AUTORELEASING = YES;
				CLANG_WARN_BOOL_CONVERSION = YES;
				CLANG_WARN_COMMA = YES;
				CLANG_WARN_CONSTANT_CONVERSION = YES;
				CLANG_WARN_DEPRECATED_OBJC_IMPLEMENTATIONS = YES;
				CLANG_WARN_DIRECT_OBJC_ISA_USAGE = YES_ERROR;
				CLANG_WARN_DOCUMENTATION_COMMENTS = YES;
				CLANG_WARN_EMPTY_BODY = YES;
				CLANG_WARN_ENUM_CONVERSION = YES;
				CLANG_WARN_INFINITE_RECURSION = YES;
				CLANG_WARN_INT_CONVERSION = YES;
				CLANG_WARN_NON_LITERAL_NULL_CONVERSION = YES;
				CLANG_WARN_OBJC_IMPLICIT_RETAIN_SELF = YES;
				CLANG_WARN_OBJC_LITERAL_CONVERSION = YES;
				CLANG_WARN_OBJC_ROOT_CLASS = YES_ERROR;
				CLANG_WARN_RANGE_LOOP_ANALYSIS = YES;
				CLANG_WARN_STRICT_PROTOTYPES = YES;
				CLANG_WARN_SUSPICIOUS_MOVE = YES;
				CLANG_WARN_UNGUARDED_AVAILABILITY = YES_AGGRESSIVE;
				CLANG_WARN_UNREACHABLE_CODE = YES;
				CLANG_WARN__DUPLICATE_METHOD_MATCH = YES;
				COPY_PHASE_STRIP = NO;
				DEBUG_INFORMATION_FORMAT = dwarf;
				ENABLE_STRICT_OBJC_MSGSEND = YES;
				ENABLE_TESTABILITY = YES;
				GCC_C_LANGUAGE_STANDARD = gnu11;
				GCC_DYNAMIC_NO_PIC = NO;
				GCC_NO_COMMON_BLOCKS = YES;
				GCC_OPTIMIZATION_LEVEL = 0;
				GCC_PREPROCESSOR_DEFINITIONS = (
					"DEBUG=1",
					"$(inherited)",
				);
				GCC_WARN_64_TO_32_BIT_CONVERSION = YES;
				GCC_WARN_ABOUT_RETURN_TYPE = YES_ERROR;
				GCC_WARN_UNDECLARED_SELECTOR = YES;
				GCC_WARN_UNINITIALIZED_AUTOS = YES_AGGRESSIVE;
				GCC_WARN_UNUSED_FUNCTION = YES;
				GCC_WARN_UNUSED_VARIABLE = YES;
				IPHONEOS_DEPLOYMENT_TARGET = 13.4;
				MTL_ENABLE_DEBUG_INFO = INCLUDE_SOURCE;
				MTL_FAST_MATH = YES;
				ONLY_ACTIVE_ARCH = YES;
				SDKROOT = iphoneos;
				SWIFT_ACTIVE_COMPILATION_CONDITIONS = DEBUG;
				SWIFT_OPTIMIZATION_LEVEL = "-Onone";
			};
			name = Debug;
		};
		F93D01C8247C29B800FDE2FF /* Release */ = {
			isa = XCBuildConfiguration;
			buildSettings = {
				ALWAYS_SEARCH_USER_PATHS = NO;
				CLANG_ANALYZER_NONNULL = YES;
				CLANG_ANALYZER_NUMBER_OBJECT_CONVERSION = YES_AGGRESSIVE;
				CLANG_CXX_LANGUAGE_STANDARD = "gnu++14";
				CLANG_CXX_LIBRARY = "libc++";
				CLANG_ENABLE_MODULES = YES;
				CLANG_ENABLE_OBJC_ARC = YES;
				CLANG_ENABLE_OBJC_WEAK = YES;
				CLANG_WARN_BLOCK_CAPTURE_AUTORELEASING = YES;
				CLANG_WARN_BOOL_CONVERSION = YES;
				CLANG_WARN_COMMA = YES;
				CLANG_WARN_CONSTANT_CONVERSION = YES;
				CLANG_WARN_DEPRECATED_OBJC_IMPLEMENTATIONS = YES;
				CLANG_WARN_DIRECT_OBJC_ISA_USAGE = YES_ERROR;
				CLANG_WARN_DOCUMENTATION_COMMENTS = YES;
				CLANG_WARN_EMPTY_BODY = YES;
				CLANG_WARN_ENUM_CONVERSION = YES;
				CLANG_WARN_INFINITE_RECURSION = YES;
				CLANG_WARN_INT_CONVERSION = YES;
				CLANG_WARN_NON_LITERAL_NULL_CONVERSION = YES;
				CLANG_WARN_OBJC_IMPLICIT_RETAIN_SELF = YES;
				CLANG_WARN_OBJC_LITERAL_CONVERSION = YES;
				CLANG_WARN_OBJC_ROOT_CLASS = YES_ERROR;
				CLANG_WARN_RANGE_LOOP_ANALYSIS = YES;
				CLANG_WARN_STRICT_PROTOTYPES = YES;
				CLANG_WARN_SUSPICIOUS_MOVE = YES;
				CLANG_WARN_UNGUARDED_AVAILABILITY = YES_AGGRESSIVE;
				CLANG_WARN_UNREACHABLE_CODE = YES;
				CLANG_WARN__DUPLICATE_METHOD_MATCH = YES;
				COPY_PHASE_STRIP = NO;
				DEBUG_INFORMATION_FORMAT = "dwarf-with-dsym";
				ENABLE_NS_ASSERTIONS = NO;
				ENABLE_STRICT_OBJC_MSGSEND = YES;
				GCC_C_LANGUAGE_STANDARD = gnu11;
				GCC_NO_COMMON_BLOCKS = YES;
				GCC_WARN_64_TO_32_BIT_CONVERSION = YES;
				GCC_WARN_ABOUT_RETURN_TYPE = YES_ERROR;
				GCC_WARN_UNDECLARED_SELECTOR = YES;
				GCC_WARN_UNINITIALIZED_AUTOS = YES_AGGRESSIVE;
				GCC_WARN_UNUSED_FUNCTION = YES;
				GCC_WARN_UNUSED_VARIABLE = YES;
				IPHONEOS_DEPLOYMENT_TARGET = 13.4;
				MTL_ENABLE_DEBUG_INFO = NO;
				MTL_FAST_MATH = YES;
				SDKROOT = iphoneos;
				SWIFT_COMPILATION_MODE = wholemodule;
				SWIFT_OPTIMIZATION_LEVEL = "-O";
				VALIDATE_PRODUCT = YES;
			};
			name = Release;
		};
		F93D01CA247C29B800FDE2FF /* Debug */ = {
			isa = XCBuildConfiguration;
			buildSettings = {
				ASSETCATALOG_COMPILER_APPICON_NAME = AppIcon;
				CODE_SIGN_STYLE = Automatic;
				DEVELOPMENT_TEAM = 34E923QGF6;
				INFOPLIST_FILE = "Right on target/Info.plist";
				LD_RUNPATH_SEARCH_PATHS = (
					"$(inherited)",
					"@executable_path/Frameworks",
				);
				PRODUCT_BUNDLE_IDENTIFIER = "ru.swiftme.Right-on-target";
				PRODUCT_NAME = "$(TARGET_NAME)";
				SWIFT_VERSION = 5.0;
				TARGETED_DEVICE_FAMILY = "1,2";
			};
			name = Debug;
		};
		F93D01CB247C29B800FDE2FF /* Release */ = {
			isa = XCBuildConfiguration;
			buildSettings = {
				ASSETCATALOG_COMPILER_APPICON_NAME = AppIcon;
				CODE_SIGN_STYLE = Automatic;
				DEVELOPMENT_TEAM = 34E923QGF6;
				INFOPLIST_FILE = "Right on target/Info.plist";
				LD_RUNPATH_SEARCH_PATHS = (
					"$(inherited)",
					"@executable_path/Frameworks",
				);
				PRODUCT_BUNDLE_IDENTIFIER = "ru.swiftme.Right-on-target";
				PRODUCT_NAME = "$(TARGET_NAME)";
				SWIFT_VERSION = 5.0;
				TARGETED_DEVICE_FAMILY = "1,2";
			};
			name = Release;
		};
/* End XCBuildConfiguration section */

/* Begin XCConfigurationList section */
		F93D01B0247C29B600FDE2FF /* Build configuration list for PBXProject "Right on target" */ = {
			isa = XCConfigurationList;
			buildConfigurations = (
				F93D01C7247C29B800FDE2FF /* Debug */,
				F93D01C8247C29B800FDE2FF /* Release */,
			);
			defaultConfigurationIsVisible = 0;
			defaultConfigurationName = Release;
		};
		F93D01C9247C29B800FDE2FF /* Build configuration list for PBXNativeTarget "Right on target" */ = {
			isa = XCConfigurationList;
			buildConfigurations = (
				F93D01CA247C29B800FDE2FF /* Debug */,
				F93D01CB247C29B800FDE2FF /* Release */,
			);
			defaultConfigurationIsVisible = 0;
			defaultConfigurationName = Release;
		};
/* End XCConfigurationList section */
	};
	rootObject = F93D01AD247C29B600FDE2FF /* Project object */;
}
